
Microsoft Visual Studio Solution File, Format Version 12.00
# Visual Studio 15
Project("{FAE04EC0-301F-11D3-BF4B-00C04F79EFBC}") = "Tale", "Tale.csproj", "{736AD50D-0044-C1EF-8F43-F2F97004E580}"
EndProject
Project("{FAE04EC0-301F-11D3-BF4B-00C04F79EFBC}") = "Assembly-CSharp", "Assembly-CSharp.csproj", "{A1303D6D-D5CA-A24B-8251-C72215A94F84}"
EndProject
Global
	GlobalSection(SolutionConfigurationPlatforms) = preSolution
		Debug|Any CPU = Debug|Any CPU
		Release|Any CPU = Release|Any CPU
	EndGlobalSection
	GlobalSection(ProjectConfigurationPlatforms) = postSolution
		{736AD50D-0044-C1EF-8F43-F2F97004E580}.Debug|Any CPU.ActiveCfg = Debug|Any CPU
		{736AD50D-0044-C1EF-8F43-F2F97004E580}.Debug|Any CPU.Build.0 = Debug|Any CPU
		{736AD50D-0044-C1EF-8F43-F2F97004E580}.Release|Any CPU.ActiveCfg = Release|Any CPU
		{736AD50D-0044-C1EF-8F43-F2F97004E580}.Release|Any CPU.Build.0 = Release|Any CPU
		{A1303D6D-D5CA-A24B-8251-C72215A94F84}.Debug|Any CPU.ActiveCfg = Debug|Any CPU
		{A1303D6D-D5CA-A24B-8251-C72215A94F84}.Debug|Any CPU.Build.0 = Debug|Any CPU
		{A1303D6D-D5CA-A24B-8251-C72215A94F84}.Release|Any CPU.ActiveCfg = Release|Any CPU
		{A1303D6D-D5CA-A24B-8251-C72215A94F84}.Release|Any CPU.Build.0 = Release|Any CPU
	EndGlobalSection
	GlobalSection(SolutionProperties) = preSolution
		HideSolutionNode = FALSE
	EndGlobalSection
EndGlobal
